{
  "version": 4,
  "terraform_version": "1.15.1",
  "serial": 95,
  "lineage": "3b697dda-9fb7-c8e1-96a6-4fd74416036a",
  "outputs": {
    "alb_dns_name": {
      "value": "smart-inventory-alb-1496877638.us-east-1.elb.amazonaws.com",
      "type": "string"
    },
    "controller_ip": {
      "value": "3.238.7.163",
      "type": "string"
    },
    "worker_ip": {
      "value": "54.172.195.238",
      "type": "string"
    }
  },
  "resources": [
    {
      "mode": "data",
      "type": "aws_subnets",
      "name": "available",
      "provider": "provider[\"registry.terraform.io/hashicorp/aws\"]",
      "instances": [
        {
          "schema_version": 0,
          "attributes": {
            "filter": [
              {
                "name": "availability-zone",
                "values": [
                  "us-east-1a",
                  "us-east-1b"
                ]
              },
              {
                "name": "vpc-id",
                "values": [
                  "vpc-056d5f33b73ac2e5d"
                ]
              }
            ],
            "id": "us-east-1",
            "ids": [
              "subnet-0d3cde276d62bb2cb",
              "subnet-0acd750891cf38d34"
            ],
            "tags": null,
            "timeouts": null
          },
          "sensitive_attributes": [],
          "identity_schema_version": 0
        }
      ]
    },
    {
      "mode": "data",
      "type": "aws_vpc",
      "name": "default",
      "provider": "provider[\"registry.terraform.io/hashicorp/aws\"]",
      "instances": [
        {
          "schema_version": 0,
          "attributes": {
            "arn": "arn:aws:ec2:us-east-1:006604849670:vpc/vpc-056d5f33b73ac2e5d",
            "cidr_block": "172.31.0.0/16",
            "cidr_block_associations": [
              {
                "association_id": "vpc-cidr-assoc-001563e743d5c6842",
                "cidr_block": "172.31.0.0/16",
                "state": "associated"
              }
            ],
            "default": true,
            "dhcp_options_id": "dopt-0bae5094e7f5b9282",
            "enable_dns_hostnames": true,
            "enable_dns_support": true,
            "enable_network_address_usage_metrics": false,
            "filter": null,
            "id": "vpc-056d5f33b73ac2e5d",
            "instance_tenancy": "default",
            "ipv6_association_id": "",
            "ipv6_cidr_block": "",
            "main_route_table_id": "rtb-0d115a7ee597c6144",
            "owner_id": "006604849670",
            "state": null,
            "tags": {},
            "timeouts": null
          },
          "sensitive_attributes": [],
          "identity_schema_version": 0
        }
      ]
    },
    {
      "mode": "managed",
      "type": "aws_ebs_volume",
      "name": "controller_storage",
      "provider": "provider[\"registry.terraform.io/hashicorp/aws\"]",
      "instances": [
        {
          "schema_version": 0,
          "attributes": {
            "arn": "arn:aws:ec2:us-east-1:006604849670:volume/vol-09fd6c93de985e84a",
            "availability_zone": "us-east-1a",
            "create_time": "2026-05-05T17:25:15Z",
            "encrypted": false,
            "final_snapshot": false,
            "id": "vol-09fd6c93de985e84a",
            "iops": 100,
            "kms_key_id": "",
            "multi_attach_enabled": false,
            "outpost_arn": "",
            "size": 5,
            "snapshot_id": "",
            "tags": {
              "Name": "smart-inventory-controller-storage"
            },
            "tags_all": {
              "Name": "smart-inventory-controller-storage"
            },
            "throughput": 0,
            "timeouts": null,
            "type": "gp2"
          },
          "sensitive_attributes": [],
          "identity_schema_version": 0,
          "private": "eyJlMmJmYjczMC1lY2FhLTExZTYtOGY4OC0zNDM2M2JjN2M0YzAiOnsiY3JlYXRlIjozMDAwMDAwMDAwMDAsImRlbGV0ZSI6NjAwMDAwMDAwMDAwLCJ1cGRhdGUiOjMwMDAwMDAwMDAwMH19",
          "dependencies": [
            "aws_instance.instances",
            "aws_key_pair.deployer",
            "aws_security_group.alb_sg",
            "aws_security_group.inventory_sg",
            "tls_private_key.deployer"
          ]
        }
      ]
    },
    {
      "mode": "managed",
      "type": "aws_instance",
      "name": "instances",
      "provider": "provider[\"registry.terraform.io/hashicorp/aws\"]",
      "instances": [
        {
          "index_key": "controller",
          "schema_version": 1,
          "attributes": {
            "ami": "ami-0c7217cdde317cfec",
            "arn": "arn:aws:ec2:us-east-1:006604849670:instance/i-05895607211ab8bc6",
            "associate_public_ip_address": true,
            "availability_zone": "us-east-1a",
            "capacity_reservation_specification": [
              {
                "capacity_reservation_preference": "open",
                "capacity_reservation_target": []
              }
            ],
            "cpu_core_count": 1,
            "cpu_options": [
              {
                "amd_sev_snp": "",
                "core_count": 1,
                "threads_per_core": 2
              }
            ],
            "cpu_threads_per_core": 2,
            "credit_specification": [
              {
                "cpu_credits": "unlimited"
              }
            ],
            "disable_api_stop": false,
            "disable_api_termination": false,
            "ebs_block_device": [],
            "ebs_optimized": false,
            "enable_primary_ipv6": null,
            "enclave_options": [
              {
                "enabled": false
              }
            ],
            "ephemeral_block_device": [],
            "get_password_data": false,
            "hibernation": false,
            "host_id": "",
            "host_resource_group_arn": null,
            "iam_instance_profile": "",
            "id": "i-05895607211ab8bc6",
            "instance_initiated_shutdown_behavior": "stop",
            "instance_lifecycle": "",
            "instance_market_options": [],
            "instance_state": "running",
            "instance_type": "t3.small",
            "ipv6_address_count": 0,
            "ipv6_addresses": [],
            "key_name": "smart-inventory-key",
            "launch_template": [],
            "maintenance_options": [
              {
                "auto_recovery": "default"
              }
            ],
            "metadata_options": [
              {
                "http_endpoint": "enabled",
                "http_protocol_ipv6": "disabled",
                "http_put_response_hop_limit": 1,
                "http_tokens": "optional",
                "instance_metadata_tags": "disabled"
              }
            ],
            "monitoring": false,
            "network_interface": [],
            "outpost_arn": "",
            "password_data": "",
            "placement_group": "",
            "placement_partition_number": 0,
            "primary_network_interface_id": "eni-02f5f89470db503bc",
            "private_dns": "ip-172-31-0-164.ec2.internal",
            "private_dns_name_options": [
              {
                "enable_resource_name_dns_a_record": false,
                "enable_resource_name_dns_aaaa_record": false,
                "hostname_type": "ip-name"
              }
            ],
            "private_ip": "172.31.0.164",
            "public_dns": "ec2-3-238-7-163.compute-1.amazonaws.com",
            "public_ip": "3.238.7.163",
            "root_block_device": [
              {
                "delete_on_termination": true,
                "device_name": "/dev/sda1",
                "encrypted": false,
                "iops": 100,
                "kms_key_id": "",
                "tags": {},
                "tags_all": {},
                "throughput": 0,
                "volume_id": "vol-03b5e25baef25241f",
                "volume_size": 8,
                "volume_type": "gp2"
              }
            ],
            "secondary_private_ips": [],
            "security_groups": [
              "inventory-sg"
            ],
            "source_dest_check": true,
            "spot_instance_request_id": "",
            "subnet_id": "subnet-0acd750891cf38d34",
            "tags": {
              "Name": "Smart-Inventory-controller"
            },
            "tags_all": {
              "Name": "Smart-Inventory-controller"
            },
            "tenancy": "default",
            "timeouts": null,
            "user_data": null,
            "user_data_base64": null,
            "user_data_replace_on_change": false,
            "volume_tags": null,
            "vpc_security_group_ids": [
              "sg-09c94fe46e24e5b0a"
            ]
          },
          "sensitive_attributes": [],
          "identity_schema_version": 0,
          "private": "eyJlMmJmYjczMC1lY2FhLTExZTYtOGY4OC0zNDM2M2JjN2M0YzAiOnsiY3JlYXRlIjo2MDAwMDAwMDAwMDAsImRlbGV0ZSI6MTIwMDAwMDAwMDAwMCwicmVhZCI6OTAwMDAwMDAwMDAwLCJ1cGRhdGUiOjYwMDAwMDAwMDAwMH0sInNjaGVtYV92ZXJzaW9uIjoiMSJ9",
          "dependencies": [
            "aws_key_pair.deployer",
            "aws_security_group.alb_sg",
            "aws_security_group.inventory_sg",
            "tls_private_key.deployer"
          ]
        },
        {
          "index_key": "worker",
          "schema_version": 1,
          "attributes": {
            "ami": "ami-0c7217cdde317cfec",
            "arn": "arn:aws:ec2:us-east-1:006604849670:instance/i-061bf70eb55a19fce",
            "associate_public_ip_address": true,
            "availability_zone": "us-east-1b",
            "capacity_reservation_specification": [
              {
                "capacity_reservation_preference": "open",
                "capacity_reservation_target": []
              }
            ],
            "cpu_core_count": 1,
            "cpu_options": [
              {
                "amd_sev_snp": "",
                "core_count": 1,
                "threads_per_core": 2
              }
            ],
            "cpu_threads_per_core": 2,
            "credit_specification": [
              {
                "cpu_credits": "unlimited"
              }
            ],
            "disable_api_stop": false,
            "disable_api_termination": false,
            "ebs_block_device": [],
            "ebs_optimized": false,
            "enable_primary_ipv6": null,
            "enclave_options": [
              {
                "enabled": false
              }
            ],
            "ephemeral_block_device": [],
            "get_password_data": false,
            "hibernation": false,
            "host_id": "",
            "host_resource_group_arn": null,
            "iam_instance_profile": "",
            "id": "i-061bf70eb55a19fce",
            "instance_initiated_shutdown_behavior": "stop",
            "instance_lifecycle": "",
            "instance_market_options": [],
            "instance_state": "running",
            "instance_type": "t3.small",
            "ipv6_address_count": 0,
            "ipv6_addresses": [],
            "key_name": "smart-inventory-key",
            "launch_template": [],
            "maintenance_options": [
              {
                "auto_recovery": "default"
              }
            ],
            "metadata_options": [
              {
                "http_endpoint": "enabled",
                "http_protocol_ipv6": "disabled",
                "http_put_response_hop_limit": 1,
                "http_tokens": "optional",
                "instance_metadata_tags": "disabled"
              }
            ],
            "monitoring": false,
            "network_interface": [],
            "outpost_arn": "",
            "password_data": "",
            "placement_group": "",
            "placement_partition_number": 0,
            "primary_network_interface_id": "eni-072455ee4160d0039",
            "private_dns": "ip-172-31-84-44.ec2.internal",
            "private_dns_name_options": [
              {
                "enable_resource_name_dns_a_record": false,
                "enable_resource_name_dns_aaaa_record": false,
                "hostname_type": "ip-name"
              }
            ],
            "private_ip": "172.31.84.44",
            "public_dns": "ec2-54-172-195-238.compute-1.amazonaws.com",
            "public_ip": "54.172.195.238",
            "root_block_device": [
              {
                "delete_on_termination": true,
                "device_name": "/dev/sda1",
                "encrypted": false,
                "iops": 100,
                "kms_key_id": "",
                "tags": {},
                "tags_all": {},
                "throughput": 0,
                "volume_id": "vol-0435534fe74614052",
                "volume_size": 8,
                "volume_type": "gp2"
              }
            ],
            "secondary_private_ips": [],
            "security_groups": [
              "inventory-sg"
            ],
            "source_dest_check": true,
            "spot_instance_request_id": "",
            "subnet_id": "subnet-0d3cde276d62bb2cb",
            "tags": {
              "Name": "Smart-Inventory-worker"
            },
            "tags_all": {
              "Name": "Smart-Inventory-worker"
            },
            "tenancy": "default",
            "timeouts": null,
            "user_data": null,
            "user_data_base64": null,
            "user_data_replace_on_change": false,
            "volume_tags": null,
            "vpc_security_group_ids": [
              "sg-09c94fe46e24e5b0a"
            ]
          },
          "sensitive_attributes": [],
          "identity_schema_version": 0,
          "private": "eyJlMmJmYjczMC1lY2FhLTExZTYtOGY4OC0zNDM2M2JjN2M0YzAiOnsiY3JlYXRlIjo2MDAwMDAwMDAwMDAsImRlbGV0ZSI6MTIwMDAwMDAwMDAwMCwicmVhZCI6OTAwMDAwMDAwMDAwLCJ1cGRhdGUiOjYwMDAwMDAwMDAwMH0sInNjaGVtYV92ZXJzaW9uIjoiMSJ9",
          "dependencies": [
            "aws_key_pair.deployer",
            "aws_security_group.alb_sg",
            "aws_security_group.inventory_sg",
            "tls_private_key.deployer"
          ]
        }
      ]
    },
    {
      "mode": "managed",
      "type": "aws_key_pair",
      "name": "deployer",
      "provider": "provider[\"registry.terraform.io/hashicorp/aws\"]",
      "instances": [
        {
          "schema_version": 1,
          "attributes": {
            "arn": "arn:aws:ec2:us-east-1:006604849670:key-pair/smart-inventory-key",
            "fingerprint": "85:d3:44:63:17:a8:1e:4d:13:9d:26:17:9c:34:8d:c5",
            "id": "smart-inventory-key",
            "key_name": "smart-inventory-key",
            "key_name_prefix": "",
            "key_pair_id": "key-069f787d684aa0fa6",
            "key_type": "rsa",
            "public_key": "ssh-rsa AAAAB3NzaC1yc2EAAAADAQABAAACAQCxAT6T+JvswujsGD3DsDkTnQC0wCGiDgqdbgkhf8orUw1cMLexjUkAuoBske1AePthcKzFZvfpvTMssacZIb6rFDXI5ioX6asbDLHEE8U6UBxpc4UYo0NsWZTutVhQNYkFZtQbi8Ix0gp8C+O68p2EKij8AwujeFFGCu7lOEP6aPQh/sSMw19Nail/y1PnTygNdpfoZJoDSbX3vaDSCZNqC3k3s/gh/cAGzE1Qdg7ksfV88y8BgPcwUa8ZDzC/f64TZSYZjkWZ1igcbYYOJYrMG7CAI+4WcUEaB1OIcR++OPSRiIHDGHuuVPf4VTBa91dMcyRMx1nOyZJfCj2JJauSQ5SEZ/4JkgPi/UQBZ8nJ5i4jS+Oe404ASqlljruAzYZYjNKmDTXAv88b75RulbuZshbm1tjeU5fHRHAGhHtiYX8mXeoPi+C5J5FimZl12pomx9OTAdvTZsjaIe8pfsrKCBrHxJvA17PH4Z7hf1677+MlrT77BlCZr3kgHEwLdsrlKROrfUVsWNzVWLc4EOcE1nyQm0CisqEnWvPkAMxWEaHhWgJrSAIHVuoTd5KcC9KMHzBR20eqO7FiakWbs0eLp15lNXP9p12jup247YFflxDqsfNYjkryMBGITy3ef90pVFysvyty7TNbtFS34wgVy+WV7ntbw+XwdZkAp+kGBQ==",
            "tags": {},
            "tags_all": {}
          },
          "sensitive_attributes": [],
          "identity_schema_version": 0,
          "private": "eyJzY2hlbWFfdmVyc2lvbiI6IjEifQ==",
          "dependencies": [
            "tls_private_key.deployer"
          ]
        }
      ]
    },
    {
      "mode": "managed",
      "type": "aws_lb",
      "name": "inventory_alb",
      "provider": "provider[\"registry.terraform.io/hashicorp/aws\"]",
      "instances": [
        {
          "schema_version": 0,
          "attributes": {
            "access_logs": [
              {
                "bucket": "",
                "enabled": false,
                "prefix": ""
              }
            ],
            "arn": "arn:aws:elasticloadbalancing:us-east-1:006604849670:loadbalancer/app/smart-inventory-alb/57eca1f0360282ca",
            "arn_suffix": "app/smart-inventory-alb/57eca1f0360282ca",
            "client_keep_alive": 3600,
            "connection_logs": [
              {
                "bucket": "",
                "enabled": false,
                "prefix": ""
              }
            ],
            "customer_owned_ipv4_pool": "",
            "desync_mitigation_mode": "defensive",
            "dns_name": "smart-inventory-alb-1496877638.us-east-1.elb.amazonaws.com",
            "dns_record_client_routing_policy": null,
            "drop_invalid_header_fields": false,
            "enable_cross_zone_load_balancing": true,
            "enable_deletion_protection": false,
            "enable_http2": true,
            "enable_tls_version_and_cipher_suite_headers": false,
            "enable_waf_fail_open": false,
            "enable_xff_client_port": false,
            "enable_zonal_shift": false,
            "enforce_security_group_inbound_rules_on_private_link_traffic": "",
            "id": "arn:aws:elasticloadbalancing:us-east-1:006604849670:loadbalancer/app/smart-inventory-alb/57eca1f0360282ca",
            "idle_timeout": 60,
            "internal": false,
            "ip_address_type": "ipv4",
            "ipam_pools": [],
            "load_balancer_type": "application",
            "minimum_load_balancer_capacity": [],
            "name": "smart-inventory-alb",
            "name_prefix": "",
            "preserve_host_header": false,
            "security_groups": [
              "sg-0649bc94836c896bf"
            ],
            "subnet_mapping": [
              {
                "allocation_id": "",
                "ipv6_address": "",
                "outpost_id": "",
                "private_ipv4_address": "",
                "subnet_id": "subnet-0acd750891cf38d34"
              },
              {
                "allocation_id": "",
                "ipv6_address": "",
                "outpost_id": "",
                "private_ipv4_address": "",
                "subnet_id": "subnet-0d3cde276d62bb2cb"
              }
            ],
            "subnets": [
              "subnet-0acd750891cf38d34",
              "subnet-0d3cde276d62bb2cb"
            ],
            "tags": null,
            "tags_all": {},
            "timeouts": null,
            "vpc_id": "vpc-056d5f33b73ac2e5d",
            "xff_header_processing_mode": "append",
            "zone_id": "Z35SXDOTRQ7X7K"
          },
          "sensitive_attributes": [],
          "identity_schema_version": 0,
          "private": "eyJlMmJmYjczMC1lY2FhLTExZTYtOGY4OC0zNDM2M2JjN2M0YzAiOnsiY3JlYXRlIjo2MDAwMDAwMDAwMDAsImRlbGV0ZSI6NjAwMDAwMDAwMDAwLCJ1cGRhdGUiOjYwMDAwMDAwMDAwMH19",
          "dependencies": [
            "aws_instance.instances",
            "aws_key_pair.deployer",
            "aws_security_group.alb_sg",
            "aws_security_group.inventory_sg",
            "data.aws_subnets.available",
            "data.aws_vpc.default",
            "tls_private_key.deployer"
          ]
        }
      ]
    },
    {
      "mode": "managed",
      "type": "aws_lb_listener",
      "name": "inventory_http",
      "provider": "provider[\"registry.terraform.io/hashicorp/aws\"]",
      "instances": [
        {
          "schema_version": 0,
          "attributes": {
            "alpn_policy": null,
            "arn": "arn:aws:elasticloadbalancing:us-east-1:006604849670:listener/app/smart-inventory-alb/57eca1f0360282ca/1364c61aec27d900",
            "certificate_arn": null,
            "default_action": [
              {
                "authenticate_cognito": [],
                "authenticate_oidc": [],
                "fixed_response": [],
                "forward": [],
                "order": 1,
                "redirect": [],
                "target_group_arn": "arn:aws:elasticloadbalancing:us-east-1:006604849670:targetgroup/smart-inventory-tg/34f7624e5b1ebef0",
                "type": "forward"
              }
            ],
            "id": "arn:aws:elasticloadbalancing:us-east-1:006604849670:listener/app/smart-inventory-alb/57eca1f0360282ca/1364c61aec27d900",
            "load_balancer_arn": "arn:aws:elasticloadbalancing:us-east-1:006604849670:loadbalancer/app/smart-inventory-alb/57eca1f0360282ca",
            "mutual_authentication": [],
            "port": 80,
            "protocol": "HTTP",
            "routing_http_request_x_amzn_mtls_clientcert_header_name": null,
            "routing_http_request_x_amzn_mtls_clientcert_issuer_header_name": null,
            "routing_http_request_x_amzn_mtls_clientcert_leaf_header_name": null,
            "routing_http_request_x_amzn_mtls_clientcert_serial_number_header_name": null,
            "routing_http_request_x_amzn_mtls_clientcert_subject_header_name": null,
            "routing_http_request_x_amzn_mtls_clientcert_validity_header_name": null,
            "routing_http_request_x_amzn_tls_cipher_suite_header_name": null,
            "routing_http_request_x_amzn_tls_version_header_name": null,
            "routing_http_response_access_control_allow_credentials_header_value": "",
            "routing_http_response_access_control_allow_headers_header_value": "",
            "routing_http_response_access_control_allow_methods_header_value": "",
            "routing_http_response_access_control_allow_origin_header_value": "",
            "routing_http_response_access_control_expose_headers_header_value": "",
            "routing_http_response_access_control_max_age_header_value": "",
            "routing_http_response_content_security_policy_header_value": "",
            "routing_http_response_server_enabled": true,
            "routing_http_response_strict_transport_security_header_value": "",
            "routing_http_response_x_content_type_options_header_value": "",
            "routing_http_response_x_frame_options_header_value": "",
            "ssl_policy": "",
            "tags": null,
            "tags_all": {},
            "tcp_idle_timeout_seconds": null,
            "timeouts": null
          },
          "sensitive_attributes": [],
          "identity_schema_version": 0,
          "private": "eyJlMmJmYjczMC1lY2FhLTExZTYtOGY4OC0zNDM2M2JjN2M0YzAiOnsiY3JlYXRlIjozMDAwMDAwMDAwMDAsInVwZGF0ZSI6MzAwMDAwMDAwMDAwfX0=",
          "dependencies": [
            "aws_instance.instances",
            "aws_key_pair.deployer",
            "aws_lb.inventory_alb",
            "aws_lb_target_group.inventory_tg",
            "aws_security_group.alb_sg",
            "aws_security_group.inventory_sg",
            "data.aws_subnets.available",
            "data.aws_vpc.default",
            "tls_private_key.deployer"
          ]
        }
      ]
    },
    {
      "mode": "managed",
      "type": "aws_lb_target_group",
      "name": "inventory_tg",
      "provider": "provider[\"registry.terraform.io/hashicorp/aws\"]",
      "instances": [
        {
          "schema_version": 0,
          "attributes": {
            "arn": "arn:aws:elasticloadbalancing:us-east-1:006604849670:targetgroup/smart-inventory-tg/34f7624e5b1ebef0",
            "arn_suffix": "targetgroup/smart-inventory-tg/34f7624e5b1ebef0",
            "connection_termination": null,
            "deregistration_delay": "300",
            "health_check": [
              {
                "enabled": true,
                "healthy_threshold": 2,
                "interval": 30,
                "matcher": "200-399",
                "path": "/",
                "port": "30080",
                "protocol": "HTTP",
                "timeout": 3,
                "unhealthy_threshold": 2
              }
            ],
            "id": "arn:aws:elasticloadbalancing:us-east-1:006604849670:targetgroup/smart-inventory-tg/34f7624e5b1ebef0",
            "ip_address_type": "ipv4",
            "lambda_multi_value_headers_enabled": false,
            "load_balancer_arns": [],
            "load_balancing_algorithm_type": "round_robin",
            "load_balancing_anomaly_mitigation": "off",
            "load_balancing_cross_zone_enabled": "use_load_balancer_configuration",
            "name": "smart-inventory-tg",
            "name_prefix": "",
            "port": 30080,
            "preserve_client_ip": null,
            "protocol": "HTTP",
            "protocol_version": "HTTP1",
            "proxy_protocol_v2": false,
            "slow_start": 0,
            "stickiness": [
              {
                "cookie_duration": 86400,
                "cookie_name": "",
                "enabled": false,
                "type": "lb_cookie"
              }
            ],
            "tags": {},
            "tags_all": {},
            "target_failover": [
              {
                "on_deregistration": null,
                "on_unhealthy": null
              }
            ],
            "target_group_health": [
              {
                "dns_failover": [
                  {
                    "minimum_healthy_targets_count": "1",
                    "minimum_healthy_targets_percentage": "off"
                  }
                ],
                "unhealthy_state_routing": [
                  {
                    "minimum_healthy_targets_count": 1,
                    "minimum_healthy_targets_percentage": "off"
                  }
                ]
              }
            ],
            "target_health_state": [
              {
                "enable_unhealthy_connection_termination": null,
                "unhealthy_draining_interval": null
              }
            ],
            "target_type": "instance",
            "vpc_id": "vpc-056d5f33b73ac2e5d"
          },
          "sensitive_attributes": [],
          "identity_schema_version": 0,
          "private": "bnVsbA==",
          "dependencies": [
            "data.aws_vpc.default"
          ]
        }
      ]
    },
    {
      "mode": "managed",
      "type": "aws_lb_target_group_attachment",
      "name": "inventory_controller",
      "provider": "provider[\"registry.terraform.io/hashicorp/aws\"]",
      "instances": [
        {
          "schema_version": 0,
          "attributes": {
            "availability_zone": null,
            "id": "arn:aws:elasticloadbalancing:us-east-1:006604849670:targetgroup/smart-inventory-tg/34f7624e5b1ebef0-20260505172517213800000004",
            "port": 30080,
            "target_group_arn": "arn:aws:elasticloadbalancing:us-east-1:006604849670:targetgroup/smart-inventory-tg/34f7624e5b1ebef0",
            "target_id": "i-05895607211ab8bc6"
          },
          "sensitive_attributes": [],
          "identity_schema_version": 0,
          "private": "bnVsbA==",
          "dependencies": [
            "aws_instance.instances",
            "aws_key_pair.deployer",
            "aws_lb_target_group.inventory_tg",
            "aws_security_group.alb_sg",
            "aws_security_group.inventory_sg",
            "data.aws_vpc.default",
            "tls_private_key.deployer"
          ]
        }
      ]
    },
    {
      "mode": "managed",
      "type": "aws_lb_target_group_attachment",
      "name": "inventory_worker",
      "provider": "provider[\"registry.terraform.io/hashicorp/aws\"]",
      "instances": [
        {
          "schema_version": 0,
          "attributes": {
            "availability_zone": null,
            "id": "arn:aws:elasticloadbalancing:us-east-1:006604849670:targetgroup/smart-inventory-tg/34f7624e5b1ebef0-20260505172517338700000005",
            "port": 30080,
            "target_group_arn": "arn:aws:elasticloadbalancing:us-east-1:006604849670:targetgroup/smart-inventory-tg/34f7624e5b1ebef0",
            "target_id": "i-061bf70eb55a19fce"
          },
          "sensitive_attributes": [],
          "identity_schema_version": 0,
          "private": "bnVsbA==",
          "dependencies": [
            "aws_instance.instances",
            "aws_key_pair.deployer",
            "aws_lb_target_group.inventory_tg",
            "aws_security_group.alb_sg",
            "aws_security_group.inventory_sg",
            "data.aws_vpc.default",
            "tls_private_key.deployer"
          ]
        }
      ]
    },
    {
      "mode": "managed",
      "type": "aws_security_group",
      "name": "alb_sg",
      "provider": "provider[\"registry.terraform.io/hashicorp/aws\"]",
      "instances": [
        {
          "schema_version": 1,
          "attributes": {
            "arn": "arn:aws:ec2:us-east-1:006604849670:security-group/sg-0649bc94836c896bf",
            "description": "Public web traffic for ALB",
            "egress": [
              {
                "cidr_blocks": [
                  "0.0.0.0/0"
                ],
                "description": "",
                "from_port": 0,
                "ipv6_cidr_blocks": [],
                "prefix_list_ids": [],
                "protocol": "-1",
                "security_groups": [],
                "self": false,
                "to_port": 0
              }
            ],
            "id": "sg-0649bc94836c896bf",
            "ingress": [
              {
                "cidr_blocks": [
                  "0.0.0.0/0"
                ],
                "description": "",
                "from_port": 80,
                "ipv6_cidr_blocks": [],
                "prefix_list_ids": [],
                "protocol": "tcp",
                "security_groups": [],
                "self": false,
                "to_port": 80
              }
            ],
            "name": "inventory-alb-sg",
            "name_prefix": "",
            "owner_id": "006604849670",
            "revoke_rules_on_delete": false,
            "tags": {},
            "tags_all": {},
            "timeouts": null,
            "vpc_id": "vpc-056d5f33b73ac2e5d"
          },
          "sensitive_attributes": [],
          "identity_schema_version": 0,
          "private": "eyJlMmJmYjczMC1lY2FhLTExZTYtOGY4OC0zNDM2M2JjN2M0YzAiOnsiY3JlYXRlIjo2MDAwMDAwMDAwMDAsImRlbGV0ZSI6OTAwMDAwMDAwMDAwfSwic2NoZW1hX3ZlcnNpb24iOiIxIn0="
        }
      ]
    },
    {
      "mode": "managed",
      "type": "aws_security_group",
      "name": "inventory_sg",
      "provider": "provider[\"registry.terraform.io/hashicorp/aws\"]",
      "instances": [
        {
          "schema_version": 1,
          "attributes": {
            "arn": "arn:aws:ec2:us-east-1:006604849670:security-group/sg-09c94fe46e24e5b0a",
            "description": "Internal and management traffic for K8s nodes",
            "egress": [
              {
                "cidr_blocks": [
                  "0.0.0.0/0"
                ],
                "description": "",
                "from_port": 0,
                "ipv6_cidr_blocks": [],
                "prefix_list_ids": [],
                "protocol": "-1",
                "security_groups": [],
                "self": false,
                "to_port": 0
              }
            ],
            "id": "sg-09c94fe46e24e5b0a",
            "ingress": [
              {
                "cidr_blocks": [
                  "0.0.0.0/0"
                ],
                "description": "",
                "from_port": 22,
                "ipv6_cidr_blocks": [],
                "prefix_list_ids": [],
                "protocol": "tcp",
                "security_groups": [],
                "self": false,
                "to_port": 22
              },
              {
                "cidr_blocks": [
                  "0.0.0.0/0"
                ],
                "description": "",
                "from_port": 80,
                "ipv6_cidr_blocks": [],
                "prefix_list_ids": [],
                "protocol": "tcp",
                "security_groups": [],
                "self": false,
                "to_port": 80
              },
              {
                "cidr_blocks": [],
                "description": "",
                "from_port": 0,
                "ipv6_cidr_blocks": [],
                "prefix_list_ids": [],
                "protocol": "-1",
                "security_groups": [],
                "self": true,
                "to_port": 0
              },
              {
                "cidr_blocks": [],
                "description": "",
                "from_port": 30080,
                "ipv6_cidr_blocks": [],
                "prefix_list_ids": [],
                "protocol": "tcp",
                "security_groups": [
                  "sg-0649bc94836c896bf"
                ],
                "self": false,
                "to_port": 30080
              }
            ],
            "name": "inventory-sg",
            "name_prefix": "",
            "owner_id": "006604849670",
            "revoke_rules_on_delete": false,
            "tags": {},
            "tags_all": {},
            "timeouts": null,
            "vpc_id": "vpc-056d5f33b73ac2e5d"
          },
          "sensitive_attributes": [],
          "identity_schema_version": 0,
          "private": "eyJlMmJmYjczMC1lY2FhLTExZTYtOGY4OC0zNDM2M2JjN2M0YzAiOnsiY3JlYXRlIjo2MDAwMDAwMDAwMDAsImRlbGV0ZSI6OTAwMDAwMDAwMDAwfSwic2NoZW1hX3ZlcnNpb24iOiIxIn0=",
          "dependencies": [
            "aws_security_group.alb_sg"
          ]
        }
      ]
    },
    {
      "mode": "managed",
      "type": "aws_volume_attachment",
      "name": "controller_storage_attach",
      "provider": "provider[\"registry.terraform.io/hashicorp/aws\"]",
      "instances": [
        {
          "schema_version": 0,
          "attributes": {
            "device_name": "/dev/sdf",
            "force_detach": null,
            "id": "vai-2713611279",
            "instance_id": "i-05895607211ab8bc6",
            "skip_destroy": null,
            "stop_instance_before_detaching": null,
            "timeouts": null,
            "volume_id": "vol-09fd6c93de985e84a"
          },
          "sensitive_attributes": [],
          "identity_schema_version": 0,
          "private": "eyJlMmJmYjczMC1lY2FhLTExZTYtOGY4OC0zNDM2M2JjN2M0YzAiOnsiY3JlYXRlIjozMDAwMDAwMDAwMDAsImRlbGV0ZSI6MzAwMDAwMDAwMDAwfX0=",
          "dependencies": [
            "aws_ebs_volume.controller_storage",
            "aws_instance.instances",
            "aws_key_pair.deployer",
            "aws_security_group.alb_sg",
            "aws_security_group.inventory_sg",
            "tls_private_key.deployer"
          ]
        }
      ]
    },
    {
      "mode": "managed",
      "type": "local_file",
      "name": "ansible_inventory",
      "provider": "provider[\"registry.terraform.io/hashicorp/local\"]",
      "instances": [
        {
          "schema_version": 0,
          "attributes": {
            "content": "[controller]\ncontroller-node ansible_host=3.238.7.163 ansible_user=ubuntu ansible_ssh_private_key_file=./smart-inventory-key.pem\n\n[worker]\nworker-node ansible_host=54.172.195.238 ansible_user=ubuntu ansible_ssh_private_key_file=./smart-inventory-key.pem\n",
            "content_base64": null,
            "content_base64sha256": "rQoud929H76ekLRhLGY85yByCuHo2dgY2ACkNx2V2hs=",
            "content_base64sha512": "K+cZreP2ZCR4b6URSgWP7BrJ1IeznimRxuEQTyus7DIpmTOoNxZ+DiwPzay/aE0G0aU/Jif6hADLDXtXaN9+/Q==",
            "content_md5": "243d9a3aeb27605cb3eddc030daa80e9",
            "content_sha1": "d3b4258f3f913f3688ed334e3b2cdfe8f4db9593",
            "content_sha256": "ad0a2e77ddbd1fbe9e90b4612c663ce720720ae1e8d9d818d800a4371d95da1b",
            "content_sha512": "2be719ade3f66424786fa5114a058fec1ac9d487b39e2991c6e1104f2bacec32299933a837167e0e2c0fcdacbf684d06d1a53f2627fa8400cb0d7b5768df7efd",
            "directory_permission": "0777",
            "file_permission": "0644",
            "filename": "./hosts.ini",
            "id": "d3b4258f3f913f3688ed334e3b2cdfe8f4db9593",
            "sensitive_content": null,
            "source": null
          },
          "sensitive_attributes": [
            [
              {
                "type": "get_attr",
                "value": "sensitive_content"
              }
            ]
          ],
          "identity_schema_version": 0,
          "dependencies": [
            "aws_instance.instances",
            "aws_key_pair.deployer",
            "aws_security_group.alb_sg",
            "aws_security_group.inventory_sg",
            "tls_private_key.deployer"
          ]
        }
      ]
    },
    {
      "mode": "managed",
      "type": "local_file",
      "name": "ssh_key",
      "provider": "provider[\"registry.terraform.io/hashicorp/local\"]",
      "instances": [
        {
          "schema_version": 0,
          "attributes": {
            "content": "-----BEGIN RSA PRIVATE KEY-----\nMIIJKAIBAAKCAgEAsQE+k/ib7MLo7Bg9w7A5E50AtMAhog4KnW4JIX/KK1MNXDC3\nsY1JALqAbJHtQHj7YXCsxWb36b0zLLGnGSG+qxQ1yOYqF+mrGwyxxBPFOlAcaXOF\nGKNDbFmU7rVYUDWJBWbUG4vCMdIKfAvjuvKdhCoo/AMLo3hRRgru5ThD+mj0If7E\njMNfTWopf8tT508oDXaX6GSaA0m1972g0gmTagt5N7P4If3ABsxNUHYO5LH1fPMv\nAYD3MFGvGQ8wv3+uE2UmGY5FmdYoHG2GDiWKzBuwgCPuFnFBGgdTiHEfvjj0kYiB\nwxh7rlT3+FUwWvdXTHMkTMdZzsmSXwo9iSWrkkOUhGf+CZID4v1EAWfJyeYuI0vj\nnuNOAEqpZY67gM2GWIzSpg01wL/PG++UbpW7mbIW5tbY3lOXx0RwBoR7YmF/Jl3q\nD4vguSeRYpmZddqaJsfTkwHb02bI2iHvKX7Kyggax8SbwNezx+Ge4X9eu+/jJa0+\n+wZQma95IBxMC3bK5SkTq31FbFjc1Vi3OBDnBNZ8kJtAorKhJ1rz5ADMVhGh4VoC\na0gCB1bqE3eSnAvSjB8wUdtHqjuxYmpFm7NHi6deZTVz/addo7qduO2BX5cQ6rHz\nWI5K8jARiE8t3n/dKVRcrL8rcu0zW7RUt+MIFcvlle57W8Pl8HWZAKfpBgUCAwEA\nAQKCAgAHp/zftCV0coLWMX88b2ssmsIsz1G1G4PghuGsugUR5iwCBJZxfuG9PxPu\nfkpjm0gOUSwb9sX67YTg5kdKyj+f0UY5TCFeeuw8hYpL56oEiXINKqLDa85vCZns\nUFpDT+l/GxFKJrut4X60GmSNkdB35sXyjqQqfDoRvEfUkOA53N/Qd59jUlEVPWYR\noccdjno2SN6tveo+gan2DxT9eM4QTHJAE1AEkmADu0MN26ltwXfToYYzO7OVercG\n77YFVn2+V4X0HYgLrSx7fE5L3tpX1UvHYyZ5gIkXGeGGWZRMq1SC1gN835p78i9u\npaqriJ7VTvavPoE3NVdYNo5uV/uJi9OwdYAmRhUf9l5SeLDmkhRGaj6pcArkjuli\nJmQzL1M6Tuh1dBVeWqSf0/IgW3zxe3Nd76E5uFubhJ/PjuabpY3WWsHbutJJOS7I\n+cA8k5ycKvtP9I+U94nOWAHSBcVz2g8P/RdWr8mTzwGVJTX9+hLw7Nes5d3lc67Z\nP1GKjCsUHN0IRF4fHawXHXhzPSJZw6s9UyvflXDYmnW9f5ljVxjTjaRdStHL2gpI\nRtGlhmJuibcNZ+Hl2bh9vxTGGQeVvtJZz9Xu7aMNdLLv/5ljmeO4650HgJe7eev1\npJ3OVz1/+6yc0N5b7PRUSUPxaF580rEu9m7OPF8mnQRMSh7n4QKCAQEA6povTVOl\nQKE1VDWZR4Cn/6vI5NE9OktbaDSstfjzgYWCM5au+cRLLd21nwIkjpj8XV9ku/hQ\nDCeZJ+huiaYx1YH+is+A+EKvcGYZjNGtDvwAqzW1D6zqdVAvwR6lUjwLRk9dbNUe\nOJAVaLYndhOGM2Q+kfG7FoaiF1KMI+uVt7giDAgYTGCUy75HK5ylOvlfiIUG2R4c\nC6gD/JcNoFNyYhdTdW+I5nOV+Mdqp1XCyuIRenqWGCf1jOcT4xBbdddcobgKtRQM\nq//eQ5CG86mdhzTz6M11JNIaCE45NiAvMMopeKTBJh93crxT1gjlMVZtiyb6pl0l\n38+iU3BEXxre5QKCAQEAwSYyOmvrVGW44bimwN1NyrVVGGJa6e8yO+N017wn4QTd\n1PRRg/AIAMw30o0RsCRD75Aqtb2Nb6nOxUkEN5hLmhnWJ7+BWlaT7zRNRMCHuECh\n6ly3MV9s3z/q8UrKVb19qqk1AJOna00vVn0zm/a7iz1/VwgB0t0mwBt5+BRu0aSJ\n6KGKtgpMc2K2OOIRMPNSWuc3Lg6uLb3HhUEYFxt+eX/iZrb325OqTIks4SHWkG/M\nJ85anpbp4syc0YeM4kdRMH3/F9gMp6cXx8vcvqI1xCbvx3WTEnwFf52ZgS7U5TPl\nfsh4WB9N4OVpB+4RYnsd1wnoxyJfPGVTbINU6XH4oQKCAQBwaNSFbrDd2OCeqtf5\nBNJ6lSs7SG7YAceYlLS0tMaopvoOEgNhNgb3wSYHPJWbpf42F0FDN+XTDR47mwlr\n9zAlp5X5mReo3PsHFkTjzovnhCQl5SQOkMH+2B8pn6+DSbX1SI3xWeSTIabAd5dM\n4moJMd0xPOxyDKyaFDmF9JnWX+ogbbiG0Dg7r76WTQZ2zYpS9bqkSeMSSr0uSIqE\n6bcC/T5GJN0p3vRbMeIOr+8YG15Ym2hTxsHHc+l5gRrxyfFeo7qtrR+tQnqTUSr4\nkasjX+IHCHs621kR5blQD/fMnvFkFz1dMPKhDU/2XGjFTS5L4K91C2jcZrbW2BJK\np6tpAoIBAHQoOWrC/iqqZi5xMu+n56GxvbRFajFnpYk4uEsJn94GZDYunFtBXj7E\nkgmwxuNsW+LVi6nyjf2KXIxu5fddQpIxWYZb+DnQ+XSQuqtPMg/P5tAf5BfwMHRu\nZyend9lqdQnOas6m/bddGsvjzcbM8mrBmDRJ33blguljXM2h1CeF0V4y0E28EdAO\nnFHHOtl6a5u5k4jCUWO2zyfHRuqWoVAGZayp+pN10aPnlzLpe7UvVtLVmc/oKE46\nCVFFOKfYhe4ox+GaD7o/leCVLHME8Fq/o9ILVmB2b4QYznlPJb+Vnz3I5/7vDJHk\nxW58cL4OFpr9HZ2sgSO8OBh5PvaJkSECggEBAMS64iEfczeS5MjfW2VcjF8yo6Lw\nWqvkebAci6jnEt+/m5YTGl56qHLYOlz3yvX9vGCn4dVX4lnO5d2YhPtTUaSioGzB\njsX9N05avkIMbhjJazNbl97Ct7fNOO/6CrsZw/auxVTsfRKNIwhGuwr0TokzRfcj\nALG/jQDoxX7T9mn9rh6FLJ73NfU+pECSUaMBXGfNTygqmL5oXadHYJqeTXqw4h4T\nc0dZ6noQCmlEOkwfDdJXapYYbavL8wruLiF27KBFXMr+H7XkLwuw75f+zse/2M0M\nHNElMf5Z9QjxdObNqFxbsXB/WRwMuJGCB1wd/xuq57xMBOuD6vFEFauexzA=\n-----END RSA PRIVATE KEY-----\n",
            "content_base64": null,
            "content_base64sha256": "NnqdiAcuWWcO0EkP6t8+B1WH8+Z6ovdA78kUkQbay6Y=",
            "content_base64sha512": "FApQ3K6oz6IJ0ewij9j06V2Dfd25gvav0w9A6OfFYgI2hSTQyK/K25jIxFFGFde6QYqcd0yjNL4NikYGDl+IvA==",
            "content_md5": "3cb7de0bc9aa869dd5e15abce689a9a2",
            "content_sha1": "371de644abd382f6057203fdff416d1c510d79b5",
            "content_sha256": "367a9d88072e59670ed0490feadf3e075587f3e67aa2f740efc9149106dacba6",
            "content_sha512": "140a50dcaea8cfa209d1ec228fd8f4e95d837dddb982f6afd30f40e8e7c56202368524d0c8afcadb98c8c4514615d7ba418a9c774ca334be0d8a46060e5f88bc",
            "directory_permission": "0777",
            "file_permission": "0400",
            "filename": "./smart-inventory-key.pem",
            "id": "371de644abd382f6057203fdff416d1c510d79b5",
            "sensitive_content": null,
            "source": null
          },
          "sensitive_attributes": [
            [
              {
                "type": "get_attr",
                "value": "content"
              }
            ],
            [
              {
                "type": "get_attr",
                "value": "sensitive_content"
              }
            ]
          ],
          "identity_schema_version": 0,
          "dependencies": [
            "tls_private_key.deployer"
          ]
        }
      ]
    },
    {
      "mode": "managed",
      "type": "tls_private_key",
      "name": "deployer",
      "provider": "provider[\"registry.terraform.io/hashicorp/tls\"]",
      "instances": [
        {
          "schema_version": 1,
          "attributes": {
            "algorithm": "RSA",
            "ecdsa_curve": "P224",
            "id": "a652061f86f96615b21cab47c24f68477b39ba9b",
            "private_key_openssh": "-----BEGIN OPENSSH PRIVATE KEY-----\nb3BlbnNzaC1rZXktdjEAAAAABG5vbmUAAAAEbm9uZQAAAAAAAAABAAACFwAAAAdz\nc2gtcnNhAAAAAwEAAQAAAgEAsQE+k/ib7MLo7Bg9w7A5E50AtMAhog4KnW4JIX/K\nK1MNXDC3sY1JALqAbJHtQHj7YXCsxWb36b0zLLGnGSG+qxQ1yOYqF+mrGwyxxBPF\nOlAcaXOFGKNDbFmU7rVYUDWJBWbUG4vCMdIKfAvjuvKdhCoo/AMLo3hRRgru5ThD\n+mj0If7EjMNfTWopf8tT508oDXaX6GSaA0m1972g0gmTagt5N7P4If3ABsxNUHYO\n5LH1fPMvAYD3MFGvGQ8wv3+uE2UmGY5FmdYoHG2GDiWKzBuwgCPuFnFBGgdTiHEf\nvjj0kYiBwxh7rlT3+FUwWvdXTHMkTMdZzsmSXwo9iSWrkkOUhGf+CZID4v1EAWfJ\nyeYuI0vjnuNOAEqpZY67gM2GWIzSpg01wL/PG++UbpW7mbIW5tbY3lOXx0RwBoR7\nYmF/Jl3qD4vguSeRYpmZddqaJsfTkwHb02bI2iHvKX7Kyggax8SbwNezx+Ge4X9e\nu+/jJa0++wZQma95IBxMC3bK5SkTq31FbFjc1Vi3OBDnBNZ8kJtAorKhJ1rz5ADM\nVhGh4VoCa0gCB1bqE3eSnAvSjB8wUdtHqjuxYmpFm7NHi6deZTVz/addo7qduO2B\nX5cQ6rHzWI5K8jARiE8t3n/dKVRcrL8rcu0zW7RUt+MIFcvlle57W8Pl8HWZAKfp\nBgUAAAc4wp0d7cKdHe0AAAAHc3NoLXJzYQAAAgEAsQE+k/ib7MLo7Bg9w7A5E50A\ntMAhog4KnW4JIX/KK1MNXDC3sY1JALqAbJHtQHj7YXCsxWb36b0zLLGnGSG+qxQ1\nyOYqF+mrGwyxxBPFOlAcaXOFGKNDbFmU7rVYUDWJBWbUG4vCMdIKfAvjuvKdhCoo\n/AMLo3hRRgru5ThD+mj0If7EjMNfTWopf8tT508oDXaX6GSaA0m1972g0gmTagt5\nN7P4If3ABsxNUHYO5LH1fPMvAYD3MFGvGQ8wv3+uE2UmGY5FmdYoHG2GDiWKzBuw\ngCPuFnFBGgdTiHEfvjj0kYiBwxh7rlT3+FUwWvdXTHMkTMdZzsmSXwo9iSWrkkOU\nhGf+CZID4v1EAWfJyeYuI0vjnuNOAEqpZY67gM2GWIzSpg01wL/PG++UbpW7mbIW\n5tbY3lOXx0RwBoR7YmF/Jl3qD4vguSeRYpmZddqaJsfTkwHb02bI2iHvKX7Kygga\nx8SbwNezx+Ge4X9eu+/jJa0++wZQma95IBxMC3bK5SkTq31FbFjc1Vi3OBDnBNZ8\nkJtAorKhJ1rz5ADMVhGh4VoCa0gCB1bqE3eSnAvSjB8wUdtHqjuxYmpFm7NHi6de\nZTVz/addo7qduO2BX5cQ6rHzWI5K8jARiE8t3n/dKVRcrL8rcu0zW7RUt+MIFcvl\nle57W8Pl8HWZAKfpBgUAAAADAQABAAACAAen/N+0JXRygtYxfzxvayyawizPUbUb\ng+CG4ay6BRHmLAIElnF+4b0/E+5+SmObSA5RLBv2xfrthODmR0rKP5/RRjlMIV56\n7DyFikvnqgSJcg0qosNrzm8JmexQWkNP6X8bEUomu63hfrQaZI2R0HfmxfKOpCp8\nOhG8R9SQ4Dnc39B3n2NSURU9ZhGhxx2OejZI3q296j6BqfYPFP14zhBMckATUASS\nYAO7Qw3bqW3Bd9OhhjM7s5V6twbvtgVWfb5XhfQdiAutLHt8Tkve2lfVS8djJnmA\niRcZ4YZZlEyrVILWA3zfmnvyL26lqquIntVO9q8+gTc1V1g2jm5X+4mL07B1gCZG\nFR/2XlJ4sOaSFEZqPqlwCuSO6WImZDMvUzpO6HV0FV5apJ/T8iBbfPF7c13voTm4\nW5uEn8+O5puljdZawdu60kk5Lsj5wDyTnJwq+0/0j5T3ic5YAdIFxXPaDw/9F1av\nyZPPAZUlNf36EvDs16zl3eVzrtk/UYqMKxQc3QhEXh8drBcdeHM9IlnDqz1TK9+V\ncNiadb1/mWNXGNONpF1K0cvaCkhG0aWGYm6Jtw1n4eXZuH2/FMYZB5W+0lnP1e7t\now10su//mWOZ47jrnQeAl7t56/Wknc5XPX/7rJzQ3lvs9FRJQ/FoXnzSsS72bs48\nXyadBExKHufhAAABAQDEuuIhH3M3kuTI31tlXIxfMqOi8Fqr5HmwHIuo5xLfv5uW\nExpeeqhy2Dpc98r1/bxgp+HVV+JZzuXdmIT7U1GkoqBswY7F/TdOWr5CDG4YyWsz\nW5fewre3zTjv+gq7GcP2rsVU7H0SjSMIRrsK9E6JM0X3IwCxv40A6MV+0/Zp/a4e\nhSye9zX1PqRAklGjAVxnzU8oKpi+aF2nR2Cank16sOIeE3NHWep6EAppRDpMHw3S\nV2qWGG2ry/MK7i4hduygRVzK/h+15C8LsO+X/s7Hv9jNDBzRJTH+WfUI8XTmzahc\nW7Fwf1kcDLiRggdcHf8bque8TATrg+rxRBWrnscwAAABAQDqmi9NU6VAoTVUNZlH\ngKf/q8jk0T06S1toNKy1+POBhYIzlq75xEst3bWfAiSOmPxdX2S7+FAMJ5kn6G6J\npjHVgf6Kz4D4Qq9wZhmM0a0O/ACrNbUPrOp1UC/BHqVSPAtGT11s1R44kBVotid2\nE4YzZD6R8bsWhqIXUowj65W3uCIMCBhMYJTLvkcrnKU6+V+IhQbZHhwLqAP8lw2g\nU3JiF1N1b4jmc5X4x2qnVcLK4hF6epYYJ/WM5xPjEFt111yhuAq1FAyr/95DkIbz\nqZ2HNPPozXUk0hoITjk2IC8wyil4pMEmH3dyvFPWCOUxVm2LJvqmXSXfz6JTcERf\nGt7lAAABAQDBJjI6a+tUZbjhuKbA3U3KtVUYYlrp7zI743TXvCfhBN3U9FGD8AgA\nzDfSjRGwJEPvkCq1vY1vqc7FSQQ3mEuaGdYnv4FaVpPvNE1EwIe4QKHqXLcxX2zf\nP+rxSspVvX2qqTUAk6drTS9WfTOb9ruLPX9XCAHS3SbAG3n4FG7RpInooYq2Ckxz\nYrY44hEw81Ja5zcuDq4tvceFQRgXG355f+Jmtvfbk6pMiSzhIdaQb8wnzlqeluni\nzJzRh4ziR1Ewff8X2AynpxfHy9y+ojXEJu/HdZMSfAV/nZmBLtTlM+V+yHhYH03g\n5WkH7hFiex3XCejHIl88ZVNsg1TpcfihAAAAAAEC\n-----END OPENSSH PRIVATE KEY-----\n",
            "private_key_pem": "-----BEGIN RSA PRIVATE KEY-----\nMIIJKAIBAAKCAgEAsQE+k/ib7MLo7Bg9w7A5E50AtMAhog4KnW4JIX/KK1MNXDC3\nsY1JALqAbJHtQHj7YXCsxWb36b0zLLGnGSG+qxQ1yOYqF+mrGwyxxBPFOlAcaXOF\nGKNDbFmU7rVYUDWJBWbUG4vCMdIKfAvjuvKdhCoo/AMLo3hRRgru5ThD+mj0If7E\njMNfTWopf8tT508oDXaX6GSaA0m1972g0gmTagt5N7P4If3ABsxNUHYO5LH1fPMv\nAYD3MFGvGQ8wv3+uE2UmGY5FmdYoHG2GDiWKzBuwgCPuFnFBGgdTiHEfvjj0kYiB\nwxh7rlT3+FUwWvdXTHMkTMdZzsmSXwo9iSWrkkOUhGf+CZID4v1EAWfJyeYuI0vj\nnuNOAEqpZY67gM2GWIzSpg01wL/PG++UbpW7mbIW5tbY3lOXx0RwBoR7YmF/Jl3q\nD4vguSeRYpmZddqaJsfTkwHb02bI2iHvKX7Kyggax8SbwNezx+Ge4X9eu+/jJa0+\n+wZQma95IBxMC3bK5SkTq31FbFjc1Vi3OBDnBNZ8kJtAorKhJ1rz5ADMVhGh4VoC\na0gCB1bqE3eSnAvSjB8wUdtHqjuxYmpFm7NHi6deZTVz/addo7qduO2BX5cQ6rHz\nWI5K8jARiE8t3n/dKVRcrL8rcu0zW7RUt+MIFcvlle57W8Pl8HWZAKfpBgUCAwEA\nAQKCAgAHp/zftCV0coLWMX88b2ssmsIsz1G1G4PghuGsugUR5iwCBJZxfuG9PxPu\nfkpjm0gOUSwb9sX67YTg5kdKyj+f0UY5TCFeeuw8hYpL56oEiXINKqLDa85vCZns\nUFpDT+l/GxFKJrut4X60GmSNkdB35sXyjqQqfDoRvEfUkOA53N/Qd59jUlEVPWYR\noccdjno2SN6tveo+gan2DxT9eM4QTHJAE1AEkmADu0MN26ltwXfToYYzO7OVercG\n77YFVn2+V4X0HYgLrSx7fE5L3tpX1UvHYyZ5gIkXGeGGWZRMq1SC1gN835p78i9u\npaqriJ7VTvavPoE3NVdYNo5uV/uJi9OwdYAmRhUf9l5SeLDmkhRGaj6pcArkjuli\nJmQzL1M6Tuh1dBVeWqSf0/IgW3zxe3Nd76E5uFubhJ/PjuabpY3WWsHbutJJOS7I\n+cA8k5ycKvtP9I+U94nOWAHSBcVz2g8P/RdWr8mTzwGVJTX9+hLw7Nes5d3lc67Z\nP1GKjCsUHN0IRF4fHawXHXhzPSJZw6s9UyvflXDYmnW9f5ljVxjTjaRdStHL2gpI\nRtGlhmJuibcNZ+Hl2bh9vxTGGQeVvtJZz9Xu7aMNdLLv/5ljmeO4650HgJe7eev1\npJ3OVz1/+6yc0N5b7PRUSUPxaF580rEu9m7OPF8mnQRMSh7n4QKCAQEA6povTVOl\nQKE1VDWZR4Cn/6vI5NE9OktbaDSstfjzgYWCM5au+cRLLd21nwIkjpj8XV9ku/hQ\nDCeZJ+huiaYx1YH+is+A+EKvcGYZjNGtDvwAqzW1D6zqdVAvwR6lUjwLRk9dbNUe\nOJAVaLYndhOGM2Q+kfG7FoaiF1KMI+uVt7giDAgYTGCUy75HK5ylOvlfiIUG2R4c\nC6gD/JcNoFNyYhdTdW+I5nOV+Mdqp1XCyuIRenqWGCf1jOcT4xBbdddcobgKtRQM\nq//eQ5CG86mdhzTz6M11JNIaCE45NiAvMMopeKTBJh93crxT1gjlMVZtiyb6pl0l\n38+iU3BEXxre5QKCAQEAwSYyOmvrVGW44bimwN1NyrVVGGJa6e8yO+N017wn4QTd\n1PRRg/AIAMw30o0RsCRD75Aqtb2Nb6nOxUkEN5hLmhnWJ7+BWlaT7zRNRMCHuECh\n6ly3MV9s3z/q8UrKVb19qqk1AJOna00vVn0zm/a7iz1/VwgB0t0mwBt5+BRu0aSJ\n6KGKtgpMc2K2OOIRMPNSWuc3Lg6uLb3HhUEYFxt+eX/iZrb325OqTIks4SHWkG/M\nJ85anpbp4syc0YeM4kdRMH3/F9gMp6cXx8vcvqI1xCbvx3WTEnwFf52ZgS7U5TPl\nfsh4WB9N4OVpB+4RYnsd1wnoxyJfPGVTbINU6XH4oQKCAQBwaNSFbrDd2OCeqtf5\nBNJ6lSs7SG7YAceYlLS0tMaopvoOEgNhNgb3wSYHPJWbpf42F0FDN+XTDR47mwlr\n9zAlp5X5mReo3PsHFkTjzovnhCQl5SQOkMH+2B8pn6+DSbX1SI3xWeSTIabAd5dM\n4moJMd0xPOxyDKyaFDmF9JnWX+ogbbiG0Dg7r76WTQZ2zYpS9bqkSeMSSr0uSIqE\n6bcC/T5GJN0p3vRbMeIOr+8YG15Ym2hTxsHHc+l5gRrxyfFeo7qtrR+tQnqTUSr4\nkasjX+IHCHs621kR5blQD/fMnvFkFz1dMPKhDU/2XGjFTS5L4K91C2jcZrbW2BJK\np6tpAoIBAHQoOWrC/iqqZi5xMu+n56GxvbRFajFnpYk4uEsJn94GZDYunFtBXj7E\nkgmwxuNsW+LVi6nyjf2KXIxu5fddQpIxWYZb+DnQ+XSQuqtPMg/P5tAf5BfwMHRu\nZyend9lqdQnOas6m/bddGsvjzcbM8mrBmDRJ33blguljXM2h1CeF0V4y0E28EdAO\nnFHHOtl6a5u5k4jCUWO2zyfHRuqWoVAGZayp+pN10aPnlzLpe7UvVtLVmc/oKE46\nCVFFOKfYhe4ox+GaD7o/leCVLHME8Fq/o9ILVmB2b4QYznlPJb+Vnz3I5/7vDJHk\nxW58cL4OFpr9HZ2sgSO8OBh5PvaJkSECggEBAMS64iEfczeS5MjfW2VcjF8yo6Lw\nWqvkebAci6jnEt+/m5YTGl56qHLYOlz3yvX9vGCn4dVX4lnO5d2YhPtTUaSioGzB\njsX9N05avkIMbhjJazNbl97Ct7fNOO/6CrsZw/auxVTsfRKNIwhGuwr0TokzRfcj\nALG/jQDoxX7T9mn9rh6FLJ73NfU+pECSUaMBXGfNTygqmL5oXadHYJqeTXqw4h4T\nc0dZ6noQCmlEOkwfDdJXapYYbavL8wruLiF27KBFXMr+H7XkLwuw75f+zse/2M0M\nHNElMf5Z9QjxdObNqFxbsXB/WRwMuJGCB1wd/xuq57xMBOuD6vFEFauexzA=\n-----END RSA PRIVATE KEY-----\n",
            "private_key_pem_pkcs8": "-----BEGIN PRIVATE KEY-----\nMIIJQgIBADANBgkqhkiG9w0BAQEFAASCCSwwggkoAgEAAoICAQCxAT6T+Jvswujs\nGD3DsDkTnQC0wCGiDgqdbgkhf8orUw1cMLexjUkAuoBske1AePthcKzFZvfpvTMs\nsacZIb6rFDXI5ioX6asbDLHEE8U6UBxpc4UYo0NsWZTutVhQNYkFZtQbi8Ix0gp8\nC+O68p2EKij8AwujeFFGCu7lOEP6aPQh/sSMw19Nail/y1PnTygNdpfoZJoDSbX3\nvaDSCZNqC3k3s/gh/cAGzE1Qdg7ksfV88y8BgPcwUa8ZDzC/f64TZSYZjkWZ1igc\nbYYOJYrMG7CAI+4WcUEaB1OIcR++OPSRiIHDGHuuVPf4VTBa91dMcyRMx1nOyZJf\nCj2JJauSQ5SEZ/4JkgPi/UQBZ8nJ5i4jS+Oe404ASqlljruAzYZYjNKmDTXAv88b\n75RulbuZshbm1tjeU5fHRHAGhHtiYX8mXeoPi+C5J5FimZl12pomx9OTAdvTZsja\nIe8pfsrKCBrHxJvA17PH4Z7hf1677+MlrT77BlCZr3kgHEwLdsrlKROrfUVsWNzV\nWLc4EOcE1nyQm0CisqEnWvPkAMxWEaHhWgJrSAIHVuoTd5KcC9KMHzBR20eqO7Fi\nakWbs0eLp15lNXP9p12jup247YFflxDqsfNYjkryMBGITy3ef90pVFysvyty7TNb\ntFS34wgVy+WV7ntbw+XwdZkAp+kGBQIDAQABAoICAAen/N+0JXRygtYxfzxvayya\nwizPUbUbg+CG4ay6BRHmLAIElnF+4b0/E+5+SmObSA5RLBv2xfrthODmR0rKP5/R\nRjlMIV567DyFikvnqgSJcg0qosNrzm8JmexQWkNP6X8bEUomu63hfrQaZI2R0Hfm\nxfKOpCp8OhG8R9SQ4Dnc39B3n2NSURU9ZhGhxx2OejZI3q296j6BqfYPFP14zhBM\nckATUASSYAO7Qw3bqW3Bd9OhhjM7s5V6twbvtgVWfb5XhfQdiAutLHt8Tkve2lfV\nS8djJnmAiRcZ4YZZlEyrVILWA3zfmnvyL26lqquIntVO9q8+gTc1V1g2jm5X+4mL\n07B1gCZGFR/2XlJ4sOaSFEZqPqlwCuSO6WImZDMvUzpO6HV0FV5apJ/T8iBbfPF7\nc13voTm4W5uEn8+O5puljdZawdu60kk5Lsj5wDyTnJwq+0/0j5T3ic5YAdIFxXPa\nDw/9F1avyZPPAZUlNf36EvDs16zl3eVzrtk/UYqMKxQc3QhEXh8drBcdeHM9IlnD\nqz1TK9+VcNiadb1/mWNXGNONpF1K0cvaCkhG0aWGYm6Jtw1n4eXZuH2/FMYZB5W+\n0lnP1e7tow10su//mWOZ47jrnQeAl7t56/Wknc5XPX/7rJzQ3lvs9FRJQ/FoXnzS\nsS72bs48XyadBExKHufhAoIBAQDqmi9NU6VAoTVUNZlHgKf/q8jk0T06S1toNKy1\n+POBhYIzlq75xEst3bWfAiSOmPxdX2S7+FAMJ5kn6G6JpjHVgf6Kz4D4Qq9wZhmM\n0a0O/ACrNbUPrOp1UC/BHqVSPAtGT11s1R44kBVotid2E4YzZD6R8bsWhqIXUowj\n65W3uCIMCBhMYJTLvkcrnKU6+V+IhQbZHhwLqAP8lw2gU3JiF1N1b4jmc5X4x2qn\nVcLK4hF6epYYJ/WM5xPjEFt111yhuAq1FAyr/95DkIbzqZ2HNPPozXUk0hoITjk2\nIC8wyil4pMEmH3dyvFPWCOUxVm2LJvqmXSXfz6JTcERfGt7lAoIBAQDBJjI6a+tU\nZbjhuKbA3U3KtVUYYlrp7zI743TXvCfhBN3U9FGD8AgAzDfSjRGwJEPvkCq1vY1v\nqc7FSQQ3mEuaGdYnv4FaVpPvNE1EwIe4QKHqXLcxX2zfP+rxSspVvX2qqTUAk6dr\nTS9WfTOb9ruLPX9XCAHS3SbAG3n4FG7RpInooYq2CkxzYrY44hEw81Ja5zcuDq4t\nvceFQRgXG355f+Jmtvfbk6pMiSzhIdaQb8wnzlqelunizJzRh4ziR1Ewff8X2Ayn\npxfHy9y+ojXEJu/HdZMSfAV/nZmBLtTlM+V+yHhYH03g5WkH7hFiex3XCejHIl88\nZVNsg1TpcfihAoIBAHBo1IVusN3Y4J6q1/kE0nqVKztIbtgBx5iUtLS0xqim+g4S\nA2E2BvfBJgc8lZul/jYXQUM35dMNHjubCWv3MCWnlfmZF6jc+wcWROPOi+eEJCXl\nJA6Qwf7YHymfr4NJtfVIjfFZ5JMhpsB3l0ziagkx3TE87HIMrJoUOYX0mdZf6iBt\nuIbQODuvvpZNBnbNilL1uqRJ4xJKvS5IioTptwL9PkYk3Sne9Fsx4g6v7xgbXlib\naFPGwcdz6XmBGvHJ8V6juq2tH61CepNRKviRqyNf4gcIezrbWRHluVAP98ye8WQX\nPV0w8qENT/ZcaMVNLkvgr3ULaNxmttbYEkqnq2kCggEAdCg5asL+KqpmLnEy76fn\nobG9tEVqMWeliTi4Swmf3gZkNi6cW0FePsSSCbDG42xb4tWLqfKN/YpcjG7l911C\nkjFZhlv4OdD5dJC6q08yD8/m0B/kF/AwdG5nJ6d32Wp1Cc5qzqb9t10ay+PNxszy\nasGYNEnfduWC6WNczaHUJ4XRXjLQTbwR0A6cUcc62Xprm7mTiMJRY7bPJ8dG6pah\nUAZlrKn6k3XRo+eXMul7tS9W0tWZz+goTjoJUUU4p9iF7ijH4ZoPuj+V4JUscwTw\nWr+j0gtWYHZvhBjOeU8lv5WfPcjn/u8MkeTFbnxwvg4Wmv0dnayBI7w4GHk+9omR\nIQKCAQEAxLriIR9zN5LkyN9bZVyMXzKjovBaq+R5sByLqOcS37+blhMaXnqoctg6\nXPfK9f28YKfh1VfiWc7l3ZiE+1NRpKKgbMGOxf03Tlq+QgxuGMlrM1uX3sK3t804\n7/oKuxnD9q7FVOx9Eo0jCEa7CvROiTNF9yMAsb+NAOjFftP2af2uHoUsnvc19T6k\nQJJRowFcZ81PKCqYvmhdp0dgmp5NerDiHhNzR1nqehAKaUQ6TB8N0ldqlhhtq8vz\nCu4uIXbsoEVcyv4fteQvC7Dvl/7Ox7/YzQwc0SUx/ln1CPF05s2oXFuxcH9ZHAy4\nkYIHXB3/G6rnvEwE64Pq8UQVq57HMA==\n-----END PRIVATE KEY-----\n",
            "public_key_fingerprint_md5": "ea:04:95:25:72:10:a7:14:6f:de:29:b1:09:90:ee:fe",
            "public_key_fingerprint_sha256": "SHA256:qod0XSIyiUr7aQRsXuK3OwV5P8b6BWiNZ1Mg6g5S29o",
            "public_key_openssh": "ssh-rsa AAAAB3NzaC1yc2EAAAADAQABAAACAQCxAT6T+JvswujsGD3DsDkTnQC0wCGiDgqdbgkhf8orUw1cMLexjUkAuoBske1AePthcKzFZvfpvTMssacZIb6rFDXI5ioX6asbDLHEE8U6UBxpc4UYo0NsWZTutVhQNYkFZtQbi8Ix0gp8C+O68p2EKij8AwujeFFGCu7lOEP6aPQh/sSMw19Nail/y1PnTygNdpfoZJoDSbX3vaDSCZNqC3k3s/gh/cAGzE1Qdg7ksfV88y8BgPcwUa8ZDzC/f64TZSYZjkWZ1igcbYYOJYrMG7CAI+4WcUEaB1OIcR++OPSRiIHDGHuuVPf4VTBa91dMcyRMx1nOyZJfCj2JJauSQ5SEZ/4JkgPi/UQBZ8nJ5i4jS+Oe404ASqlljruAzYZYjNKmDTXAv88b75RulbuZshbm1tjeU5fHRHAGhHtiYX8mXeoPi+C5J5FimZl12pomx9OTAdvTZsjaIe8pfsrKCBrHxJvA17PH4Z7hf1677+MlrT77BlCZr3kgHEwLdsrlKROrfUVsWNzVWLc4EOcE1nyQm0CisqEnWvPkAMxWEaHhWgJrSAIHVuoTd5KcC9KMHzBR20eqO7FiakWbs0eLp15lNXP9p12jup247YFflxDqsfNYjkryMBGITy3ef90pVFysvyty7TNbtFS34wgVy+WV7ntbw+XwdZkAp+kGBQ==\n",
            "public_key_pem": "-----BEGIN PUBLIC KEY-----\nMIICIjANBgkqhkiG9w0BAQEFAAOCAg8AMIICCgKCAgEAsQE+k/ib7MLo7Bg9w7A5\nE50AtMAhog4KnW4JIX/KK1MNXDC3sY1JALqAbJHtQHj7YXCsxWb36b0zLLGnGSG+\nqxQ1yOYqF+mrGwyxxBPFOlAcaXOFGKNDbFmU7rVYUDWJBWbUG4vCMdIKfAvjuvKd\nhCoo/AMLo3hRRgru5ThD+mj0If7EjMNfTWopf8tT508oDXaX6GSaA0m1972g0gmT\nagt5N7P4If3ABsxNUHYO5LH1fPMvAYD3MFGvGQ8wv3+uE2UmGY5FmdYoHG2GDiWK\nzBuwgCPuFnFBGgdTiHEfvjj0kYiBwxh7rlT3+FUwWvdXTHMkTMdZzsmSXwo9iSWr\nkkOUhGf+CZID4v1EAWfJyeYuI0vjnuNOAEqpZY67gM2GWIzSpg01wL/PG++UbpW7\nmbIW5tbY3lOXx0RwBoR7YmF/Jl3qD4vguSeRYpmZddqaJsfTkwHb02bI2iHvKX7K\nyggax8SbwNezx+Ge4X9eu+/jJa0++wZQma95IBxMC3bK5SkTq31FbFjc1Vi3OBDn\nBNZ8kJtAorKhJ1rz5ADMVhGh4VoCa0gCB1bqE3eSnAvSjB8wUdtHqjuxYmpFm7NH\ni6deZTVz/addo7qduO2BX5cQ6rHzWI5K8jARiE8t3n/dKVRcrL8rcu0zW7RUt+MI\nFcvlle57W8Pl8HWZAKfpBgUCAwEAAQ==\n-----END PUBLIC KEY-----\n",
            "rsa_bits": 4096
          },
          "sensitive_attributes": [
            [
              {
                "type": "get_attr",
                "value": "private_key_openssh"
              }
            ],
            [
              {
                "type": "get_attr",
                "value": "private_key_pem"
              }
            ],
            [
              {
                "type": "get_attr",
                "value": "private_key_pem_pkcs8"
              }
            ]
          ],
          "identity_schema_version": 0
        }
      ]
    }
  ],
  "check_results": null
}
